
Microsoft Visual Studio Solution File, Format Version 12.00
# Visual Studio Version 17
VisualStudioVersion = 17.12.35506.116
MinimumVisualStudioVersion = 10.0.40219.1
Project("{FAE04EC0-301F-11D3-BF4B-00C04F79EFBC}") = "Explorers_Haven.Presentation", "Explorers Haven\Explorers_Haven.Presentation.csproj", "{581DAB0D-80E6-4C61-B3F9-297407CB36DB}"
EndProject
Project("{FAE04EC0-301F-11D3-BF4B-00C04F79EFBC}") = "Explorers_Haven.Core", "ExplorersHaven.Core\Explorers_Haven.Core.csproj", "{5540C8D4-3617-4E5D-B893-CECB6F49839C}"
EndProject
Project("{FAE04EC0-301F-11D3-BF4B-00C04F79EFBC}") = "Explorers_Haven.Models", "ExplorersHaven.Models\Explorers_Haven.Models.csproj", "{AA0619E2-0BBA-470A-8338-82B61697C6FD}"
EndProject
Project("{FAE04EC0-301F-11D3-BF4B-00C04F79EFBC}") = "Explorers_Haven.DataAccess", "ExplorersHaven.DataAccess\Explorers_Haven.DataAccess.csproj", "{99AD5E6E-6DC7-479A-9C3D-81F197DE685A}"
EndProject
Project("{FAE04EC0-301F-11D3-BF4B-00C04F79EFBC}") = "Explorers_Haven.Tests", "Explorers_Haven.Tests\Explorers_Haven.Tests.csproj", "{E39B3323-CEB0-46CC-814F-7D6F952A19E1}"
EndProject
Global
	GlobalSection(SolutionConfigurationPlatforms) = preSolution
		Debug|Any CPU = Debug|Any CPU
		Release|Any CPU = Release|Any CPU
	EndGlobalSection
	GlobalSection(ProjectConfigurationPlatforms) = postSolution
		{581DAB0D-80E6-4C61-B3F9-297407CB36DB}.Debug|Any CPU.ActiveCfg = Debug|Any CPU
		{581DAB0D-80E6-4C61-B3F9-297407CB36DB}.Debug|Any CPU.Build.0 = Debug|Any CPU
		{581DAB0D-80E6-4C61-B3F9-297407CB36DB}.Release|Any CPU.ActiveCfg = Release|Any CPU
		{581DAB0D-80E6-4C61-B3F9-297407CB36DB}.Release|Any CPU.Build.0 = Release|Any CPU
		{5540C8D4-3617-4E5D-B893-CECB6F49839C}.Debug|Any CPU.ActiveCfg = Debug|Any CPU
		{5540C8D4-3617-4E5D-B893-CECB6F49839C}.Debug|Any CPU.Build.0 = Debug|Any CPU
		{5540C8D4-3617-4E5D-B893-CECB6F49839C}.Release|Any CPU.ActiveCfg = Release|Any CPU
		{5540C8D4-3617-4E5D-B893-CECB6F49839C}.Release|Any CPU.Build.0 = Release|Any CPU
		{AA0619E2-0BBA-470A-8338-82B61697C6FD}.Debug|Any CPU.ActiveCfg = Debug|Any CPU
		{AA0619E2-0BBA-470A-8338-82B61697C6FD}.Debug|Any CPU.Build.0 = Debug|Any CPU
		{AA0619E2-0BBA-470A-8338-82B61697C6FD}.Release|Any CPU.ActiveCfg = Release|Any CPU
		{AA0619E2-0BBA-470A-8338-82B61697C6FD}.Release|Any CPU.Build.0 = Release|Any CPU
		{99AD5E6E-6DC7-479A-9C3D-81F197DE685A}.Debug|Any CPU.ActiveCfg = Debug|Any CPU
		{99AD5E6E-6DC7-479A-9C3D-81F197DE685A}.Debug|Any CPU.Build.0 = Debug|Any CPU
		{99AD5E6E-6DC7-479A-9C3D-81F197DE685A}.Release|Any CPU.ActiveCfg = Release|Any CPU
		{99AD5E6E-6DC7-479A-9C3D-81F197DE685A}.Release|Any CPU.Build.0 = Release|Any CPU
		{E39B3323-CEB0-46CC-814F-7D6F952A19E1}.Debug|Any CPU.ActiveCfg = Debug|Any CPU
		{E39B3323-CEB0-46CC-814F-7D6F952A19E1}.Debug|Any CPU.Build.0 = Debug|Any CPU
		{E39B3323-CEB0-46CC-814F-7D6F952A19E1}.Release|Any CPU.ActiveCfg = Release|Any CPU
		{E39B3323-CEB0-46CC-814F-7D6F952A19E1}.Release|Any CPU.Build.0 = Release|Any CPU
	EndGlobalSection
	GlobalSection(SolutionProperties) = preSolution
		HideSolutionNode = FALSE
	EndGlobalSection
EndGlobal
